<?xml version="1.0" encoding="utf-8"?>
<Project ToolsVersion="4.0" xmlns="http://schemas.microsoft.com/developer/msbuild/2003">
  <ItemGroup>
    <Filter Include="win32">
      <UniqueIdentifier>{84a8ebd7-7cf0-47f6-b75e-d441df67da40}</UniqueIdentifier>
    </Filter>
    <Filter Include="resource">
      <UniqueIdentifier>{715254bc-d70b-4ec5-bf29-467dd3ace079}</UniqueIdentifier>
    </Filter>
    <Filter Include="src">
      <UniqueIdentifier>{bb6c862e-70e9-49d9-81b7-3829a6f50471}</UniqueIdentifier>
    </Filter>
  </ItemGroup>
  <ItemGroup>
    <ClCompile Include="main.cpp">
      <Filter>win32</Filter>
    </ClCompile>
    <ClCompile Include="..\Classes\AppDelegate.cpp">
      <Filter>src</Filter>
    </ClCompile>
    <ClCompile Include="..\Classes\SplashScene.cpp">
      <Filter>src</Filter>
    </ClCompile>
    <ClCompile Include="..\Classes\GameOverScene.cpp">
      <Filter>src</Filter>
    </ClCompile>
    <ClCompile Include="..\Classes\GameScene.cpp">
      <Filter>src</Filter>
    </ClCompile>
    <ClCompile Include="..\Classes\MenuScene.cpp">
      <Filter>src</Filter>
    </ClCompile>
    <ClCompile Include="..\Classes\Pillar.cpp">
      <Filter>src</Filter>
    </ClCompile>
    <ClCompile Include="..\Classes\Spaceship.cpp">
      <Filter>src</Filter>
    </ClCompile>
    <ClCompile Include="..\Classes\CocosFiles\CocosGameScene.cpp">
      <Filter>src</Filter>
    </ClCompile>
    <ClCompile Include="..\Classes\CocosFiles\CocosPillar.cpp">
      <Filter>src</Filter>
    </ClCompile>
    <ClCompile Include="..\Classes\CocosFiles\CocosSpaceship.cpp">
      <Filter>src</Filter>
    </ClCompile>
    <ClCompile Include="..\Classes\Box2DFiles\Box2DGameScene.cpp">
      <Filter>src</Filter>
    </ClCompile>
    <ClCompile Include="..\Classes\Box2DFiles\Box2DPillar.cpp">
      <Filter>src</Filter>
    </ClCompile>
    <ClCompile Include="..\Classes\Box2DFiles\Box2DSpaceship.cpp">
      <Filter>src</Filter>
    </ClCompile>
    <ClCompile Include="..\Classes\CustomFiles\CustomGameScene.cpp">
      <Filter>src</Filter>
    </ClCompile>
    <ClCompile Include="..\Classes\CustomFiles\CustomPillar.cpp">
      <Filter>src</Filter>
    </ClCompile>
    <ClCompile Include="..\Classes\CustomFiles\CustomSpaceship.cpp">
      <Filter>src</Filter>
    </ClCompile>
    <ClCompile Include="..\Classes\CustomPhysics\CPBody.cpp">
      <Filter>src</Filter>
    </ClCompile>
    <ClCompile Include="..\Classes\CustomPhysics\CPCircle.cpp">
      <Filter>src</Filter>
    </ClCompile>
    <ClCompile Include="..\Classes\CustomPhysics\CPContactEvaluator.cpp">
      <Filter>src</Filter>
    </ClCompile>
    <ClCompile Include="..\Classes\CustomPhysics\CPRectangle.cpp">
      <Filter>src</Filter>
    </ClCompile>
    <ClCompile Include="..\Classes\CustomPhysics\CPWorld.cpp">
      <Filter>src</Filter>
    </ClCompile>
  </ItemGroup>
  <ItemGroup>
    <ClInclude Include="main.h">
      <Filter>win32</Filter>
    </ClInclude>
    <ClInclude Include="..\Classes\AppDelegate.h">
      <Filter>src</Filter>
    </ClInclude>
    <ClInclude Include="..\Classes\MenuScene.h">
      <Filter>src</Filter>
    </ClInclude>
    <ClInclude Include="..\Classes\SplashScene.h">
      <Filter>src</Filter>
    </ClInclude>
    <ClInclude Include="..\Classes\GameOverScene.h">
      <Filter>src</Filter>
    </ClInclude>
    <ClInclude Include="..\Classes\GameScene.h">
      <Filter>src</Filter>
    </ClInclude>
    <ClInclude Include="..\Classes\Definitions.h">
      <Filter>src</Filter>
    </ClInclude>
    <ClInclude Include="..\Classes\Pillar.h">
      <Filter>src</Filter>
    </ClInclude>
    <ClInclude Include="..\Classes\Spaceship.h">
      <Filter>src</Filter>
    </ClInclude>
    <ClInclude Include="..\Classes\CocosFiles\CocosGameScene.h">
      <Filter>src</Filter>
    </ClInclude>
    <ClInclude Include="..\Classes\CocosFiles\CocosPillar.h">
      <Filter>src</Filter>
    </ClInclude>
    <ClInclude Include="..\Classes\CocosFiles\CocosSpaceship.h">
      <Filter>src</Filter>
    </ClInclude>
    <ClInclude Include="..\Classes\Box2DFiles\Box2DGameScene.h">
      <Filter>src</Filter>
    </ClInclude>
    <ClInclude Include="..\Classes\Box2DFiles\Box2DPillar.h">
      <Filter>src</Filter>
    </ClInclude>
    <ClInclude Include="..\Classes\Box2DFiles\Box2DSpaceship.h">
      <Filter>src</Filter>
    </ClInclude>
    <ClInclude Include="..\Classes\CustomFiles\CustomGameScene.h">
      <Filter>src</Filter>
    </ClInclude>
    <ClInclude Include="..\Classes\CustomFiles\CustomPillar.h">
      <Filter>src</Filter>
    </ClInclude>
    <ClInclude Include="..\Classes\CustomFiles\CustomSpaceship.h">
      <Filter>src</Filter>
    </ClInclude>
    <ClInclude Include="..\Classes\CustomPhysics\CPBody.h">
      <Filter>src</Filter>
    </ClInclude>
    <ClInclude Include="..\Classes\CustomPhysics\CPCircle.h">
      <Filter>src</Filter>
    </ClInclude>
    <ClInclude Include="..\Classes\CustomPhysics\CPContactEvaluator.h">
      <Filter>src</Filter>
    </ClInclude>
    <ClInclude Include="..\Classes\CustomPhysics\CPContactListener.h">
      <Filter>src</Filter>
    </ClInclude>
    <ClInclude Include="..\Classes\CustomPhysics\CPRectangle.h">
      <Filter>src</Filter>
    </ClInclude>
    <ClInclude Include="..\Classes\CustomPhysics\CPWorld.h">
      <Filter>src</Filter>
    </ClInclude>
    <ClInclude Include="..\Classes\CustomPhysics\CustomPhysics.h">
      <Filter>src</Filter>
    </ClInclude>
  </ItemGroup>
  <ItemGroup>
    <ResourceCompile Include="game.rc">
      <Filter>resource</Filter>
    </ResourceCompile>
  </ItemGroup>
</Project>